version = 1
revision = 3
requires-python = "==3.14.*"

[[package]]
name = "ruff"
version = "0.17.0"
source = { registry = "https://pypi.org/simple" }
sdist = { url = "https://files.pythonhosted.org/packages/e9/a7/70debb024dfacda67b8e560cc7511f52b34b9348a8cc8c1ec23036dcd51d/ruff-0.17.0.tar.gz", hash = "sha256:5cd03240d8208a557c2a9655a5cb07ebe36aa6bb35065f97d48c1f6adef5a322", size = 5320554, upload-time = "2026-10-09T19:47:29.248Z" }
wheels = [
    { url = "https://files.pythonhosted.org/packages/bc/f8/ee5ab9da6089eae2a33e6008b01deb1eda19992c1c8e10661e98cee1640f/ruff-0.17.0-py3-none-linux_armv6l.whl", hash = "sha256:0e271826af9a20d18c6cfae8c51e82959167c24859686ddd3eb9a7f0842ce81e", size = 10148907, upload-time = "2026-10-09T19:46:38.695Z" },
    { url = "https://files.pythonhosted.org/packages/9f/d9/2f81fb5a9d580afbb11b1c8ff915233a11f2a1b27405d7991f183c5e1976/ruff-0.17.0-py3-none-macosx_10_12_x86_64.whl", hash = "sha256:5f0ca4a40f81403689c04f12966e22f44e329ae362072d8f1587b7bda87f603b", size = 10224208, upload-time = "2026-10-09T19:46:41.711Z" },
    { url = "https://files.pythonhosted.org/packages/a7/20/643f3c8f75594f937b2bf74801241c56a2e2b8e139d24dff8b66b28cdd7f/ruff-0.17.0-py3-none-macosx_11_0_arm64.whl", hash = "sha256:cbf7149e0927dc3295d5d64679a4765576eef71b00782b2ae969ef82274d6bb9", size = 9273324, upload-time = "2026-10-09T19:46:44.323Z" },
    { url = "https://files.pythonhosted.org/packages/ec/91/627700b233d367736cb274f1bd0b47d1f2b12f68878192812bd875adadc3/ruff-0.17.0-py3-none-manylinux_2_17_aarch64.manylinux2014_aarch64.whl", hash = "sha256:13ee90156522998c3037059d8f66885c8adeeaf7643bdce2caceee196ecd23e0", size = 9953190, upload-time = "2026-10-09T19:46:47.155Z" },
    { url = "https://files.pythonhosted.org/packages/cd/92/91f7b5ed39490f89d6cbf56e1f543c383667a725efa8e2c2dee0f01f5591/ruff-0.17.0-py3-none-manylinux_2_17_armv7l.manylinux2014_armv7l.whl", hash = "sha256:3d8e4a002a94cd9d0dc48b51dc69d807a172b5b9bf2b668e656424dc5b55ead1", size = 9961746, upload-time = "2026-10-09T19:46:50.098Z" },
    { url = "https://files.pythonhosted.org/packages/87/c5/7310f9fc63ce11ff6394edbd5e85433dfb0e14c9fbf6ccc97f1538491bc7/ruff-0.17.0-py3-none-manylinux_2_17_i686.manylinux2014_i686.whl", hash = "sha256:c0b8a60c06a218c337e1161638d34757f83449243e2db161483ddf948e53ad14", size = 10625483, upload-time = "2026-10-09T19:46:53.379Z" },
    { url = "https://files.pythonhosted.org/packages/a5/8d/97443f0dca4a03a0bc7629fd396fd494a1cb6666121e38c5075acb217d8f/ruff-0.17.0-py3-none-manylinux_2_17_ppc64le.manylinux2014_ppc64le.whl", hash = "sha256:a330178bdffc4205dbf3bda11d93e059e388fd6546f8cdd304501a9160363c0d", size = 11350129, upload-time = "2026-10-09T19:46:56.486Z" },
    { url = "https://files.pythonhosted.org/packages/9c/0a/c525efd9777be4b6b012e6969a3012648468e7e6c4b3e5b46af69f46e8eb/ruff-0.17.0-py3-none-manylinux_2_17_s390x.manylinux2014_s390x.whl", hash = "sha256:7bb08489e234876fa2da67ae3ea938e9a2156da80293e0e4365abd6973d98329", size = 10906223, upload-time = "2026-10-09T19:47:00.263Z" },
    { url = "https://files.pythonhosted.org/packages/2c/3c/4a01195d93420cad1175bedad13a515dc8a56f95a6e39789b92e582682f5/ruff-0.17.0-py3-none-manylinux_2_17_x86_64.manylinux2014_x86_64.whl", hash = "sha256:bc73e7c133e82d55b5f15897b2a442d72c0cb4a0c886c46801ce3c247150b60c", size = 10386314, upload-time = "2026-10-09T19:47:03.057Z" },
    { url = "https://files.pythonhosted.org/packages/c7/72/1a3951665485a921f6375f91e754a1854d5a645d41acc3642668064ff64d/ruff-0.17.0-py3-none-manylinux_2_31_riscv64.whl", hash = "sha256:db4f74c533403ab70fe4007873f6ae0c9f94a8b03158cf48d78788e47cdbe399", size = 10565464, upload-time = "2026-10-09T19:47:05.831Z" },
    { url = "https://files.pythonhosted.org/packages/90/8c/539b4d8c082f57e18db8ae2be85a460d77861c79dcd5798e32b536a6a06f/ruff-0.17.0-py3-none-musllinux_1_2_aarch64.whl", hash = "sha256:3d8cc360e666d1914e47b0777c6906d70cf18891a55532bd0a16844195d70859", size = 10079468, upload-time = "2026-10-09T19:47:08.617Z" },
    { url = "https://files.pythonhosted.org/packages/e0/b8/84286966db79434e8c26b585b0a0f6897cb3ab1c51a4aa4df10c28488b62/ruff-0.17.0-py3-none-musllinux_1_2_armv7l.whl", hash = "sha256:d66de796b726c4801e05fa99a2a8d7a780e107be222486c304ab61765561e866", size = 9958556, upload-time = "2026-10-09T19:47:11.324Z" },
    { url = "https://files.pythonhosted.org/packages/69/50/27b6eed27b83fcdd5bfa0d52b83231e29094754374698da404d094487ae3/ruff-0.17.0-py3-none-musllinux_1_2_i686.whl", hash = "sha256:c3f268baf004aea944f040623327119527ea231af15f7fb7890e82cea0679589", size = 10352173, upload-time = "2026-10-09T19:47:14.188Z" },
    { url = "https://files.pythonhosted.org/packages/2a/fa/955399fd13044cd827862044117d784a59e3196f6cce7424908ac9a7f914/ruff-0.17.0-py3-none-musllinux_1_2_x86_64.whl", hash = "sha256:864b6c1acb6b0bccf94b5a3938a1531fd09aaca5e5659a2e7bf0f3cf2a685540", size = 10791761, upload-time = "2026-10-09T19:47:16.931Z" },
    { url = "https://files.pythonhosted.org/packages/ae/bf/024e01e1f6aec87768696725e648ed5b438941341eea8f8100beb681961f/ruff-0.17.0-py3-none-win32.whl", hash = "sha256:5e50aa5b84decd9fe5b0bb0e6f71c3b592f1767ed09faa4b7207d933961e35cd", size = 9904112, upload-time = "2026-10-09T19:47:19.75Z" },
    { url = "https://files.pythonhosted.org/packages/cc/77/1ee73df41dcc8d1cdb686ee4bc46ea29704ea175feb6b95c78420f631ab8/ruff-0.17.0-py3-none-win_amd64.whl", hash = "sha256:8ab76bcda86dfd28e13776cb5de3c7bcdcf1ae3d37ed761113d1a5a415dc134c", size = 10115585, upload-time = "2026-10-09T19:47:22.698Z" },
    { url = "https://files.pythonhosted.org/packages/fd/71/eb4f0ccc844aece56963e8578df9c95d4c00f580547d52329d4035d3af18/ruff-0.17.0-py3-none-win_arm64.whl", hash = "sha256:c154c73ff43f9854395e24cac507af13078962e53d2b511605058d22af1fdb88", size = 9872035, upload-time = "2026-10-09T19:47:26.306Z" },
]

[[package]]
name = "starsector-localization-cn"
version = "0.1.0"
source = { editable = "." }

[package.dev-dependencies]
dev = [
    { name = "ruff" },
    { name = "ty" },
]

[package.metadata]

[package.metadata.requires-dev]
dev = [
    { name = "ruff", specifier = ">=0.17.0" },
    { name = "ty", specifier = ">=0.0.86" },
]

[[package]]
name = "ty"
version = "0.0.86"
source = { registry = "https://pypi.org/simple" }
sdist = { url = "https://files.pythonhosted.org/packages/f1/fa/9b35728cc3c04d64f434c656836fa3c5f6e384a7813e48e63245510d5c69/ty-0.0.86.tar.gz", hash = "sha256:6edcaf52e207d653873d5f495c1a8470075b232030714c981f07f0a1075bc343", size = 7911723, upload-time = "2026-10-09T22:20:57.83Z" }
wheels = [
    { url = "https://files.pythonhosted.org/packages/95/27/dd422283667ce10d60af57edc3ccab078084282ee304a5c22b5ed79390c6/ty-0.0.86-py3-none-linux_armv6l.whl", hash = "sha256:305c238df5dedf97f1b65e52d2c446a41d11551291e37054858c00c5627bf15b", size = 14159390, upload-time = "2026-10-09T22:20:17.583Z" },
    { url = "https://files.pythonhosted.org/packages/57/e3/838ea547c177983976103d3a54b346afc22d0ff97943ab58c7b7aff1f753/ty-0.0.86-py3-none-macosx_10_12_x86_64.whl", hash = "sha256:27a8a7cf26a1cd17d93586eb20aadbcc535fa6ad4b535813ee8fc52560c31efd", size = 13684426, upload-time = "2026-10-09T22:20:19.939Z" },
    { url = "https://files.pythonhosted.org/packages/bc/62/dfde84ffab702545f866350675b16f8df6555d3c41123c25e7a509fe857e/ty-0.0.86-py3-none-macosx_11_0_arm64.whl", hash = "sha256:40e5fc602af41b0ea89dd1d19fe8da7e75322e6e0db95ea23340a858b409ac2b", size = 12845457, upload-time = "2026-10-09T22:20:21.979Z" },
    { url = "https://files.pythonhosted.org/packages/47/b2/7e0e7ffc8b3961f5f74893ba9b98433b922d3f1ae6621d1e3e3e20663e1d/ty-0.0.86-py3-none-manylinux_2_17_aarch64.manylinux2014_aarch64.whl", hash = "sha256:c4b525ce4feb60aa2dd6becae4c470daea889149ba9dc7699ffbcf41448f69a9", size = 13656310, upload-time = "2026-10-09T22:20:24.544Z" },
    { url = "https://files.pythonhosted.org/packages/e7/c8/977594e024d154f0e064b48a6f7e39a0e1e55a524349dba22146f01e02db/ty-0.0.86-py3-none-manylinux_2_17_armv7l.manylinux2014_armv7l.whl", hash = "sha256:a000ddcc0b99bd1ab8c8277630711061a36ae83395780fdb935bad540ebe7103", size = 13887036, upload-time = "2026-10-09T22:20:26.844Z" },
    { url = "https://files.pythonhosted.org/packages/3a/75/67e8e7bf89a6be7535768380cb20569b460b89cb09d5c82ce27411782786/ty-0.0.86-py3-none-manylinux_2_17_i686.manylinux2014_i686.whl", hash = "sha256:ea3848f3cab206e9798e5a9f7c4ce8a80297b0a88ba9aa8a091360a298e97424", size = 14805103, upload-time = "2026-10-09T22:20:29.274Z" },
    { url = "https://files.pythonhosted.org/packages/a1/14/a7f3b88cc76156feaf5d48601bd5da96a116f846ad0abc526df03a735bcc/ty-0.0.86-py3-none-manylinux_2_17_ppc64le.manylinux2014_ppc64le.whl", hash = "sha256:087bad6ae8fa7248a16c01f5646c121dccaacbaf320ff544eed4e8c5c1fd7555", size = 15203931, upload-time = "2026-10-09T22:20:31.736Z" },
    { url = "https://files.pythonhosted.org/packages/a7/23/42f6ad5d4bb7091d70a0e96d7d436d6bc9a490210a928727dde5d883ed26/ty-0.0.86-py3-none-manylinux_2_17_s390x.manylinux2014_s390x.whl", hash = "sha256:fe7f2721746c9ee64626c69da9245faedc0f375024bf41458e45eb7b28fe5f63", size = 15094434, upload-time = "2026-10-09T22:20:34.269Z" },
    { url = "https://files.pythonhosted.org/packages/d1/b8/211781d3c8de5fa88437412b7a8c0d7a632596033cff51d5004b08e94e1c/ty-0.0.86-py3-none-manylinux_2_17_x86_64.manylinux2014_x86_64.whl", hash = "sha256:a5c18501c54874149d05e5199211146876afeaeee2af234042e56dccc9d5812a", size = 14436812, upload-time = "2026-10-09T22:20:36.795Z" },
    { url = "https://files.pythonhosted.org/packages/b2/2a/518cc7ef2586384345be675d470e0087591810304b5d994d0a2194c7d68e/ty-0.0.86-py3-none-manylinux_2_31_riscv64.whl", hash = "sha256:0a48967c8adba6b12035243f225a0585b0bc5f0bf940a4829876bc455ebf3d2f", size = 14671116, upload-time = "2026-10-09T22:20:39.277Z" },
    { url = "https://files.pythonhosted.org/packages/7a/18/a820553ad3206d0cdfad5866dd64939c7e3be73e891d88c73f7fd3acb5d6/ty-0.0.86-py3-none-musllinux_1_2_aarch64.whl", hash = "sha256:561a4eae98f6ff05395e8d7be8151fdb328eeaead1ac63dc721ca891623f7924", size = 13586361, upload-time = "2026-10-09T22:20:41.444Z" },
    { url = "https://files.pythonhosted.org/packages/22/58/f1700176e6ae4d0a3d25e447734c60ca464d6e76ed2e8a32920ebd41e523/ty-0.0.86-py3-none-musllinux_1_2_armv7l.whl", hash = "sha256:ccad053ce880a1f8c0850d9dd1f277f3ee559a98bded3f93472268376ceccc2d", size = 13900289, upload-time = "2026-10-09T22:20:43.955Z" },
    { url = "https://files.pythonhosted.org/packages/59/86/2f0e3c9a055f8606911a80311763a089784b66af22dd80fd3290e3b167c6/ty-0.0.86-py3-none-musllinux_1_2_i686.whl", hash = "sha256:7c16d22857bad1da56b147bf53ef0ed2252d7677dc5e7ee51c757b2e52ab6351", size = 14235785, upload-time = "2026-10-09T22:20:46.401Z" },
    { url = "https://files.pythonhosted.org/packages/b4/1d/72fa2347b641143b0440296144a65f424fe047302cb13af059988f1de7a4/ty-0.0.86-py3-none-musllinux_1_2_x86_64.whl", hash = "sha256:d863f8f190e96878ed1900a8a6d5093f37761c0c47409e2bdb3d9370e37471e1", size = 14559840, upload-time = "2026-10-09T22:20:48.753Z" },
    { url = "https://files.pythonhosted.org/packages/47/4a/a798be4aee4ea0bb427c22f157945d0ac41310f4d6e058b3758dfb859451/ty-0.0.86-py3-none-win32.whl", hash = "sha256:1ac3d8fe9efae04fbf1407583ed4118e0364a45b49a020d62b202846695a2ba1", size = 13133227, upload-time = "2026-10-09T22:20:51.034Z" },
    { url = "https://files.pythonhosted.org/packages/c7/a0/c9d585fa1c5bf4ed2727f576f1542bc13e268f036451a79d057c249fc26f/ty-0.0.86-py3-none-win_amd64.whl", hash = "sha256:6fe4116fb1a7ad3c4f7804d9241dc81187717fbd9f5fed5b50e2752a20e17a67", size = 13665391, upload-time = "2026-10-09T22:20:53.237Z" },
    { url = "https://files.pythonhosted.org/packages/2a/7e/d9811358bce1e54ac1b93bd44f4c45eba5e2e92672c5410248776c54319e/ty-0.0.86-py3-none-win_arm64.whl", hash = "sha256:0df36f494c5d07f68ebec3edb74fc719c4c959db7061c2018f1dff2dfe62150b", size = 13237981, upload-time = "2026-10-09T22:20:55.586Z" },
]
