version = 1
revision = 3
requires-python = "==3.14.*"

[[package]]
name = "cfgv"
version = "3.5.0"
source = { registry = "https://pypi.org/simple" }
sdist = { url = "https://files.pythonhosted.org/packages/4e/b5/721b8799b04bf9afe054a3899c6cf4e880fcf8563cc71c15610242490a0c/cfgv-3.5.0.tar.gz", hash = "sha256:d5b1034354820651caa73ede66a6294d6e95c1b00acc5e9b098e917404669132", size = 7334, upload-time = "2025-11-19T20:55:51.612Z" }
wheels = [
    { url = "https://files.pythonhosted.org/packages/db/3c/33bac158f8ab7f89b2e59426d5fe2e4f63f7ed25df84c036890172b412b5/cfgv-3.5.0-py2.py3-none-any.whl", hash = "sha256:a8dc6b26ad22ff227d2634a65cb388215ce6cc96bbcc5cfde7641ae87e8dacc0", size = 7445, upload-time = "2025-11-19T20:55:50.744Z" },
]

[[package]]
name = "distlib"
version = "0.4.3"
source = { registry = "https://pypi.org/simple" }
sdist = { url = "https://files.pythonhosted.org/packages/c9/02/bd72be9134d25ed783ecbbc38a539ffaefbf90c78418c7fb7229600dbac7/distlib-0.4.3.tar.gz", hash = "sha256:f152097224a0ae24be5a0f6bae1b9359af82133bce63f98a95f86cae1aede9ed", size = 615141, upload-time = "2026-06-12T08:04:52.847Z" }
wheels = [
    { url = "https://files.pythonhosted.org/packages/02/08/9c41fb51ab5b43eb21674aff13df270e8ba6c4b29c8624e328dc7a9482af/distlib-0.4.3-py2.py3-none-any.whl", hash = "sha256:4b0ce306c966eb73bc3a7b6abad017c556dadd92c44701562cd528ac7fde4d5b", size = 470628, upload-time = "2026-06-12T08:04:50.506Z" },
]

[[package]]
name = "filelock"
version = "4.1.0"
source = { registry = "https://pypi.org/simple" }
sdist = { url = "https://files.pythonhosted.org/packages/4c/58/6fd434bec86eff7c38a3168454cb132b762b2bea9b3ac094101a2f7bc32a/filelock-4.1.0.tar.gz", hash = "sha256:ad7f724afef953e731b1cc39bcd3a09166d72ed7fcdf29e6e88b1c3235c6715d", size = 561277, upload-time = "2026-10-09T19:57:20.34Z" }
wheels = [
    { url = "https://files.pythonhosted.org/packages/ee/86/032133892a5de43b5a98200b01aadcad68cc255e274a762f08b8a76d2912/filelock-4.1.0-py3-none-any.whl", hash = "sha256:2ce9818e3e2d8f284c1a964414447ef148d42a5fd5e2a477a7118e574b293ec1", size = 133003, upload-time = "2026-10-09T19:57:18.716Z" },
]

[[package]]
name = "identify"
version = "2.6.20"
source = { registry = "https://pypi.org/simple" }
sdist = { url = "https://files.pythonhosted.org/packages/53/35/d70c0006c7cee65999ea94a6273e60b2094f600a3d8b71b04318253fc643/identify-2.6.20.tar.gz", hash = "sha256:ad729860a923858d26917c2f4fb0a1d83d27a75b1e090c06440c573f048f3285", size = 99681, upload-time = "2026-09-26T20:29:07.187Z" }
wheels = [
    { url = "https://files.pythonhosted.org/packages/fa/70/fffc9613501877c0a10a1ef73a165e6ded3e53f6e7502227fef56d973933/identify-2.6.20-py2.py3-none-any.whl", hash = "sha256:6a16b69b93187244e0548cbfd25b3e4a6f9a7a2ad784625c3bec2b8d27b81aaa", size = 99506, upload-time = "2026-09-26T20:29:06.054Z" },
]

[[package]]
name = "nodeenv"
version = "1.11.0"
source = { registry = "https://pypi.org/simple" }
sdist = { url = "https://files.pythonhosted.org/packages/9a/8e/105de02c1322cfada6d9710d9146ef8026419d433c9d08359a2d35805811/nodeenv-1.11.0.tar.gz", hash = "sha256:3ce8fe5b71d16e8af7039ca65257354100bc772965d6bc549070649e53b1b146", size = 99301, upload-time = "2026-09-26T11:29:21.367Z" }
wheels = [
    { url = "https://files.pythonhosted.org/packages/54/c8/12811c9b48fde162bb72b6f2e78fada9a247a09d7bb5be2050a5d099c77b/nodeenv-1.11.0-py2.py3-none-any.whl", hash = "sha256:edaa16e6c14d7cf395d75d4bbd5a26390f4dc06501a33b4e76282b02cc688a25", size = 34277, upload-time = "2026-09-26T11:29:19.933Z" },
]

[[package]]
name = "packaging"
version = "26.3"
source = { registry = "https://pypi.org/simple" }
sdist = { url = "https://files.pythonhosted.org/packages/7d/fa/3944b40b07da9ce895c0e6303a5ab7d53da063554f534556b134a54d6093/packaging-26.3.tar.gz", hash = "sha256:94edc256424af38762eb31306eed28beb9f0efc50a8837492c9d6fd6004aed79", size = 313412, upload-time = "2026-08-04T18:15:28.737Z" }
wheels = [
    { url = "https://files.pythonhosted.org/packages/63/34/ba1c580383c9eada3711951fef0795c80b829a078d72188184bcab9dd527/packaging-26.3-py3-none-any.whl", hash = "sha256:d7193f7c8e4e93f444fde0262bf90af30e16fa0ad0ad44cb553c87339b23cd1c", size = 129956, upload-time = "2026-08-04T18:15:27.159Z" },
]

[[package]]
name = "platformdirs"
version = "4.12.4"
source = { registry = "https://pypi.org/simple" }
sdist = { url = "https://files.pythonhosted.org/packages/90/a1/d5f9002a70298c64a789779077d8dd90c10aa1f47fe40c86802df874f2a6/platformdirs-4.12.4.tar.gz", hash = "sha256:63743c02414e755de4e31b8f68125c1407495b86c5a006e203c01ff8b9924250", size = 60010, upload-time = "2026-10-07T23:30:32.426Z" }
wheels = [
    { url = "https://files.pythonhosted.org/packages/f4/ba/223e00b885e960edd5d4b4d178c88acce019bd5b83786093681b8c393492/platformdirs-4.12.4-py3-none-any.whl", hash = "sha256:78bfb9db2a8471ed7eebe3c3c932da413911042994e699b384fbb4493fa872d7", size = 32596, upload-time = "2026-10-07T23:30:30.825Z" },
]

[[package]]
name = "pre-commit"
version = "4.6.2"
source = { registry = "https://pypi.org/simple" }
dependencies = [
    { name = "cfgv" },
    { name = "identify" },
    { name = "nodeenv" },
    { name = "pyyaml" },
    { name = "virtualenv" },
]
sdist = { url = "https://files.pythonhosted.org/packages/74/89/1f3e8e1fc3e97de0fa963495832f581f025f29471602a309e48808244292/pre_commit-4.6.2.tar.gz", hash = "sha256:8f5d7bfb021ecdbcd9d49d89847082dd24172ccde534390081a679ad046e2441", size = 198670, upload-time = "2026-08-10T22:07:18.421Z" }
wheels = [
    { url = "https://files.pythonhosted.org/packages/45/e2/bbb7129c9e7999a6b8ee9cca3b66486c25c423ab5a75f34071798b74ce94/pre_commit-4.6.2-py2.py3-none-any.whl", hash = "sha256:e2dde9a75d3bce11bd3831c26d134df00a2803c1d818be6a0383c3dcda25dc4e", size = 226202, upload-time = "2026-08-10T22:07:16.942Z" },
]

[[package]]
name = "python-discovery"
version = "1.6.2"
source = { registry = "https://pypi.org/simple" }
dependencies = [
    { name = "filelock" },
]
sdist = { url = "https://files.pythonhosted.org/packages/b0/73/54993df8fc57e906dc9b7e01d1d9b0b2d3eb0ce3190639e33dccb12853f7/python_discovery-1.6.2.tar.gz", hash = "sha256:cd1738ca1d37c86ef9d0b654dd46fcee1e41c97c6add12575e8501ced39afdb4", size = 86921, upload-time = "2026-10-10T01:24:27.912Z" }
wheels = [
    { url = "https://files.pythonhosted.org/packages/61/3b/50ed32583bfffa737df67d33b9c15d7b25df232c55ab606d059f610ef6ca/python_discovery-1.6.2-py3-none-any.whl", hash = "sha256:f0c697f95a3aaec4174a6e5e58f5885e25768684bafc76f1afde384709ebdcf2", size = 38912, upload-time = "2026-10-10T01:24:26.721Z" },
]

[[package]]
name = "pyyaml"
version = "6.0.3"
source = { registry = "https://pypi.org/simple" }
sdist = { url = "https://files.pythonhosted.org/packages/05/8e/961c0007c59b8dd7729d542c61a4d537767a59645b82a0b521206e1e25c2/pyyaml-6.0.3.tar.gz", hash = "sha256:d76623373421df22fb4cf8817020cbb7ef15c725b9d5e45f17e189bfc384190f", size = 130960, upload-time = "2025-09-25T21:33:16.546Z" }
wheels = [
    { url = "https://files.pythonhosted.org/packages/9d/8c/f4bd7f6465179953d3ac9bc44ac1a8a3e6122cf8ada906b4f96c60172d43/pyyaml-6.0.3-cp314-cp314-macosx_10_13_x86_64.whl", hash = "sha256:8d1fab6bb153a416f9aeb4b8763bc0f22a5586065f86f7664fc23339fc1c1fac", size = 181814, upload-time = "2025-09-25T21:32:35.712Z" },
    { url = "https://files.pythonhosted.org/packages/bd/9c/4d95bb87eb2063d20db7b60faa3840c1b18025517ae857371c4dd55a6b3a/pyyaml-6.0.3-cp314-cp314-macosx_11_0_arm64.whl", hash = "sha256:34d5fcd24b8445fadc33f9cf348c1047101756fd760b4dacb5c3e99755703310", size = 173809, upload-time = "2025-09-25T21:32:36.789Z" },
    { url = "https://files.pythonhosted.org/packages/92/b5/47e807c2623074914e29dabd16cbbdd4bf5e9b2db9f8090fa64411fc5382/pyyaml-6.0.3-cp314-cp314-manylinux2014_aarch64.manylinux_2_17_aarch64.manylinux_2_28_aarch64.whl", hash = "sha256:501a031947e3a9025ed4405a168e6ef5ae3126c59f90ce0cd6f2bfc477be31b7", size = 766454, upload-time = "2025-09-25T21:32:37.966Z" },
    { url = "https://files.pythonhosted.org/packages/02/9e/e5e9b168be58564121efb3de6859c452fccde0ab093d8438905899a3a483/pyyaml-6.0.3-cp314-cp314-manylinux2014_s390x.manylinux_2_17_s390x.manylinux_2_28_s390x.whl", hash = "sha256:b3bc83488de33889877a0f2543ade9f70c67d66d9ebb4ac959502e12de895788", size = 836355, upload-time = "2025-09-25T21:32:39.178Z" },
    { url = "https://files.pythonhosted.org/packages/88/f9/16491d7ed2a919954993e48aa941b200f38040928474c9e85ea9e64222c3/pyyaml-6.0.3-cp314-cp314-manylinux2014_x86_64.manylinux_2_17_x86_64.manylinux_2_28_x86_64.whl", hash = "sha256:c458b6d084f9b935061bc36216e8a69a7e293a2f1e68bf956dcd9e6cbcd143f5", size = 794175, upload-time = "2025-09-25T21:32:40.865Z" },
    { url = "https://files.pythonhosted.org/packages/dd/3f/5989debef34dc6397317802b527dbbafb2b4760878a53d4166579111411e/pyyaml-6.0.3-cp314-cp314-musllinux_1_2_aarch64.whl", hash = "sha256:7c6610def4f163542a622a73fb39f534f8c101d690126992300bf3207eab9764", size = 755228, upload-time = "2025-09-25T21:32:42.084Z" },
    { url = "https://files.pythonhosted.org/packages/d7/ce/af88a49043cd2e265be63d083fc75b27b6ed062f5f9fd6cdc223ad62f03e/pyyaml-6.0.3-cp314-cp314-musllinux_1_2_x86_64.whl", hash = "sha256:5190d403f121660ce8d1d2c1bb2ef1bd05b5f68533fc5c2ea899bd15f4399b35", size = 789194, upload-time = "2025-09-25T21:32:43.362Z" },
    { url = "https://files.pythonhosted.org/packages/23/20/bb6982b26a40bb43951265ba29d4c246ef0ff59c9fdcdf0ed04e0687de4d/pyyaml-6.0.3-cp314-cp314-win_amd64.whl", hash = "sha256:4a2e8cebe2ff6ab7d1050ecd59c25d4c8bd7e6f400f5f82b96557ac0abafd0ac", size = 156429, upload-time = "2025-09-25T21:32:57.844Z" },
    { url = "https://files.pythonhosted.org/packages/f4/f4/a4541072bb9422c8a883ab55255f918fa378ecf083f5b85e87fc2b4eda1b/pyyaml-6.0.3-cp314-cp314-win_arm64.whl", hash = "sha256:93dda82c9c22deb0a405ea4dc5f2d0cda384168e466364dec6255b293923b2f3", size = 143912, upload-time = "2025-09-25T21:32:59.247Z" },
    { url = "https://files.pythonhosted.org/packages/7c/f9/07dd09ae774e4616edf6cda684ee78f97777bdd15847253637a6f052a62f/pyyaml-6.0.3-cp314-cp314t-macosx_10_13_x86_64.whl", hash = "sha256:02893d100e99e03eda1c8fd5c441d8c60103fd175728e23e431db1b589cf5ab3", size = 189108, upload-time = "2025-09-25T21:32:44.377Z" },
    { url = "https://files.pythonhosted.org/packages/4e/78/8d08c9fb7ce09ad8c38ad533c1191cf27f7ae1effe5bb9400a46d9437fcf/pyyaml-6.0.3-cp314-cp314t-macosx_11_0_arm64.whl", hash = "sha256:c1ff362665ae507275af2853520967820d9124984e0f7466736aea23d8611fba", size = 183641, upload-time = "2025-09-25T21:32:45.407Z" },
    { url = "https://files.pythonhosted.org/packages/7b/5b/3babb19104a46945cf816d047db2788bcaf8c94527a805610b0289a01c6b/pyyaml-6.0.3-cp314-cp314t-manylinux2014_aarch64.manylinux_2_17_aarch64.manylinux_2_28_aarch64.whl", hash = "sha256:6adc77889b628398debc7b65c073bcb99c4a0237b248cacaf3fe8a557563ef6c", size = 831901, upload-time = "2025-09-25T21:32:48.83Z" },
    { url = "https://files.pythonhosted.org/packages/8b/cc/dff0684d8dc44da4d22a13f35f073d558c268780ce3c6ba1b87055bb0b87/pyyaml-6.0.3-cp314-cp314t-manylinux2014_s390x.manylinux_2_17_s390x.manylinux_2_28_s390x.whl", hash = "sha256:a80cb027f6b349846a3bf6d73b5e95e782175e52f22108cfa17876aaeff93702", size = 861132, upload-time = "2025-09-25T21:32:50.149Z" },
    { url = "https://files.pythonhosted.org/packages/b1/5e/f77dc6b9036943e285ba76b49e118d9ea929885becb0a29ba8a7c75e29fe/pyyaml-6.0.3-cp314-cp314t-manylinux2014_x86_64.manylinux_2_17_x86_64.manylinux_2_28_x86_64.whl", hash = "sha256:00c4bdeba853cc34e7dd471f16b4114f4162dc03e6b7afcc2128711f0eca823c", size = 839261, upload-time = "2025-09-25T21:32:51.808Z" },
    { url = "https://files.pythonhosted.org/packages/ce/88/a9db1376aa2a228197c58b37302f284b5617f56a5d959fd1763fb1675ce6/pyyaml-6.0.3-cp314-cp314t-musllinux_1_2_aarch64.whl", hash = "sha256:66e1674c3ef6f541c35191caae2d429b967b99e02040f5ba928632d9a7f0f065", size = 805272, upload-time = "2025-09-25T21:32:52.941Z" },
    { url = "https://files.pythonhosted.org/packages/da/92/1446574745d74df0c92e6aa4a7b0b3130706a4142b2d1a5869f2eaa423c6/pyyaml-6.0.3-cp314-cp314t-musllinux_1_2_x86_64.whl", hash = "sha256:16249ee61e95f858e83976573de0f5b2893b3677ba71c9dd36b9cf8be9ac6d65", size = 829923, upload-time = "2025-09-25T21:32:54.537Z" },
    { url = "https://files.pythonhosted.org/packages/f0/7a/1c7270340330e575b92f397352af856a8c06f230aa3e76f86b39d01b416a/pyyaml-6.0.3-cp314-cp314t-win_amd64.whl", hash = "sha256:4ad1906908f2f5ae4e5a8ddfce73c320c2a1429ec52eafd27138b7f1cbe341c9", size = 174062, upload-time = "2025-09-25T21:32:55.767Z" },
    { url = "https://files.pythonhosted.org/packages/f1/12/de94a39c2ef588c7e6455cfbe7343d3b2dc9d6b6b2f40c4c6565744c873d/pyyaml-6.0.3-cp314-cp314t-win_arm64.whl", hash = "sha256:ebc55a14a21cb14062aa4162f906cd962b28e2e9ea38f9b4391244cd8de4ae0b", size = 149341, upload-time = "2025-09-25T21:32:56.828Z" },
]

[[package]]
name = "ruff"
version = "0.17.0"
source = { registry = "https://pypi.org/simple" }
sdist = { url = "https://files.pythonhosted.org/packages/e9/a7/70debb024dfacda67b8e560cc7511f52b34b9348a8cc8c1ec23036dcd51d/ruff-0.17.0.tar.gz", hash = "sha256:5cd03240d8208a557c2a9655a5cb07ebe36aa6bb35065f97d48c1f6adef5a322", size = 5320554, upload-time = "2026-10-09T19:47:29.248Z" }
wheels = [
    { url = "https://files.pythonhosted.org/packages/bc/f8/ee5ab9da6089eae2a33e6008b01deb1eda19992c1c8e10661e98cee1640f/ruff-0.17.0-py3-none-linux_armv6l.whl", hash = "sha256:0e271826af9a20d18c6cfae8c51e82959167c24859686ddd3eb9a7f0842ce81e", size = 10148907, upload-time = "2026-10-09T19:46:38.695Z" },
    { url = "https://files.pythonhosted.org/packages/9f/d9/2f81fb5a9d580afbb11b1c8ff915233a11f2a1b27405d7991f183c5e1976/ruff-0.17.0-py3-none-macosx_10_12_x86_64.whl", hash = "sha256:5f0ca4a40f81403689c04f12966e22f44e329ae362072d8f1587b7bda87f603b", size = 10224208, upload-time = "2026-10-09T19:46:41.711Z" },
    { url = "https://files.pythonhosted.org/packages/a7/20/643f3c8f75594f937b2bf74801241c56a2e2b8e139d24dff8b66b28cdd7f/ruff-0.17.0-py3-none-macosx_11_0_arm64.whl", hash = "sha256:cbf7149e0927dc3295d5d64679a4765576eef71b00782b2ae969ef82274d6bb9", size = 9273324, upload-time = "2026-10-09T19:46:44.323Z" },
    { url = "https://files.pythonhosted.org/packages/ec/91/627700b233d367736cb274f1bd0b47d1f2b12f68878192812bd875adadc3/ruff-0.17.0-py3-none-manylinux_2_17_aarch64.manylinux2014_aarch64.whl", hash = "sha256:13ee90156522998c3037059d8f66885c8adeeaf7643bdce2caceee196ecd23e0", size = 9953190, upload-time = "2026-10-09T19:46:47.155Z" },
    { url = "https://files.pythonhosted.org/packages/cd/92/91f7b5ed39490f89d6cbf56e1f543c383667a725efa8e2c2dee0f01f5591/ruff-0.17.0-py3-none-manylinux_2_17_armv7l.manylinux2014_armv7l.whl", hash = "sha256:3d8e4a002a94cd9d0dc48b51dc69d807a172b5b9bf2b668e656424dc5b55ead1", size = 9961746, upload-time = "2026-10-09T19:46:50.098Z" },
    { url = "https://files.pythonhosted.org/packages/87/c5/7310f9fc63ce11ff6394edbd5e85433dfb0e14c9fbf6ccc97f1538491bc7/ruff-0.17.0-py3-none-manylinux_2_17_i686.manylinux2014_i686.whl", hash = "sha256:c0b8a60c06a218c337e1161638d34757f83449243e2db161483ddf948e53ad14", size = 10625483, upload-time = "2026-10-09T19:46:53.379Z" },
    { url = "https://files.pythonhosted.org/packages/a5/8d/97443f0dca4a03a0bc7629fd396fd494a1cb6666121e38c5075acb217d8f/ruff-0.17.0-py3-none-manylinux_2_17_ppc64le.manylinux2014_ppc64le.whl", hash = "sha256:a330178bdffc4205dbf3bda11d93e059e388fd6546f8cdd304501a9160363c0d", size = 11350129, upload-time = "2026-10-09T19:46:56.486Z" },
    { url = "https://files.pythonhosted.org/packages/9c/0a/c525efd9777be4b6b012e6969a3012648468e7e6c4b3e5b46af69f46e8eb/ruff-0.17.0-py3-none-manylinux_2_17_s390x.manylinux2014_s390x.whl", hash = "sha256:7bb08489e234876fa2da67ae3ea938e9a2156da80293e0e4365abd6973d98329", size = 10906223, upload-time = "2026-10-09T19:47:00.263Z" },
    { url = "https://files.pythonhosted.org/packages/2c/3c/4a01195d93420cad1175bedad13a515dc8a56f95a6e39789b92e582682f5/ruff-0.17.0-py3-none-manylinux_2_17_x86_64.manylinux2014_x86_64.whl", hash = "sha256:bc73e7c133e82d55b5f15897b2a442d72c0cb4a0c886c46801ce3c247150b60c", size = 10386314, upload-time = "2026-10-09T19:47:03.057Z" },
    { url = "https://files.pythonhosted.org/packages/c7/72/1a3951665485a921f6375f91e754a1854d5a645d41acc3642668064ff64d/ruff-0.17.0-py3-none-manylinux_2_31_riscv64.whl", hash = "sha256:db4f74c533403ab70fe4007873f6ae0c9f94a8b03158cf48d78788e47cdbe399", size = 10565464, upload-time = "2026-10-09T19:47:05.831Z" },
    { url = "https://files.pythonhosted.org/packages/90/8c/539b4d8c082f57e18db8ae2be85a460d77861c79dcd5798e32b536a6a06f/ruff-0.17.0-py3-none-musllinux_1_2_aarch64.whl", hash = "sha256:3d8cc360e666d1914e47b0777c6906d70cf18891a55532bd0a16844195d70859", size = 10079468, upload-time = "2026-10-09T19:47:08.617Z" },
    { url = "https://files.pythonhosted.org/packages/e0/b8/84286966db79434e8c26b585b0a0f6897cb3ab1c51a4aa4df10c28488b62/ruff-0.17.0-py3-none-musllinux_1_2_armv7l.whl", hash = "sha256:d66de796b726c4801e05fa99a2a8d7a780e107be222486c304ab61765561e866", size = 9958556, upload-time = "2026-10-09T19:47:11.324Z" },
    { url = "https://files.pythonhosted.org/packages/69/50/27b6eed27b83fcdd5bfa0d52b83231e29094754374698da404d094487ae3/ruff-0.17.0-py3-none-musllinux_1_2_i686.whl", hash = "sha256:c3f268baf004aea944f040623327119527ea231af15f7fb7890e82cea0679589", size = 10352173, upload-time = "2026-10-09T19:47:14.188Z" },
    { url = "https://files.pythonhosted.org/packages/2a/fa/955399fd13044cd827862044117d784a59e3196f6cce7424908ac9a7f914/ruff-0.17.0-py3-none-musllinux_1_2_x86_64.whl", hash = "sha256:864b6c1acb6b0bccf94b5a3938a1531fd09aaca5e5659a2e7bf0f3cf2a685540", size = 10791761, upload-time = "2026-10-09T19:47:16.931Z" },
    { url = "https://files.pythonhosted.org/packages/ae/bf/024e01e1f6aec87768696725e648ed5b438941341eea8f8100beb681961f/ruff-0.17.0-py3-none-win32.whl", hash = "sha256:5e50aa5b84decd9fe5b0bb0e6f71c3b592f1767ed09faa4b7207d933961e35cd", size = 9904112, upload-time = "2026-10-09T19:47:19.75Z" },
    { url = "https://files.pythonhosted.org/packages/cc/77/1ee73df41dcc8d1cdb686ee4bc46ea29704ea175feb6b95c78420f631ab8/ruff-0.17.0-py3-none-win_amd64.whl", hash = "sha256:8ab76bcda86dfd28e13776cb5de3c7bcdcf1ae3d37ed761113d1a5a415dc134c", size = 10115585, upload-time = "2026-10-09T19:47:22.698Z" },
    { url = "https://files.pythonhosted.org/packages/fd/71/eb4f0ccc844aece56963e8578df9c95d4c00f580547d52329d4035d3af18/ruff-0.17.0-py3-none-win_arm64.whl", hash = "sha256:c154c73ff43f9854395e24cac507af13078962e53d2b511605058d22af1fdb88", size = 9872035, upload-time = "2026-10-09T19:47:26.306Z" },
]

[[package]]
name = "starsector-localization-cn"
version = "0.1.0"
source = { editable = "." }

[package.dev-dependencies]
dev = [
    { name = "pre-commit" },
    { name = "ruff" },
    { name = "ty" },
]

[package.metadata]

[package.metadata.requires-dev]
dev = [
    { name = "pre-commit", specifier = ">=4.4" },
    { name = "ruff", specifier = ">=0.17.0" },
    { name = "ty", specifier = ">=0.0.86" },
]

[[package]]
name = "ty"
version = "0.0.86"
source = { registry = "https://pypi.org/simple" }
sdist = { url = "https://files.pythonhosted.org/packages/f1/fa/9b35728cc3c04d64f434c656836fa3c5f6e384a7813e48e63245510d5c69/ty-0.0.86.tar.gz", hash = "sha256:6edcaf52e207d653873d5f495c1a8470075b232030714c981f07f0a1075bc343", size = 7911723, upload-time = "2026-10-09T22:20:57.83Z" }
wheels = [
    { url = "https://files.pythonhosted.org/packages/95/27/dd422283667ce10d60af57edc3ccab078084282ee304a5c22b5ed79390c6/ty-0.0.86-py3-none-linux_armv6l.whl", hash = "sha256:305c238df5dedf97f1b65e52d2c446a41d11551291e37054858c00c5627bf15b", size = 14159390, upload-time = "2026-10-09T22:20:17.583Z" },
    { url = "https://files.pythonhosted.org/packages/57/e3/838ea547c177983976103d3a54b346afc22d0ff97943ab58c7b7aff1f753/ty-0.0.86-py3-none-macosx_10_12_x86_64.whl", hash = "sha256:27a8a7cf26a1cd17d93586eb20aadbcc535fa6ad4b535813ee8fc52560c31efd", size = 13684426, upload-time = "2026-10-09T22:20:19.939Z" },
    { url = "https://files.pythonhosted.org/packages/bc/62/dfde84ffab702545f866350675b16f8df6555d3c41123c25e7a509fe857e/ty-0.0.86-py3-none-macosx_11_0_arm64.whl", hash = "sha256:40e5fc602af41b0ea89dd1d19fe8da7e75322e6e0db95ea23340a858b409ac2b", size = 12845457, upload-time = "2026-10-09T22:20:21.979Z" },
    { url = "https://files.pythonhosted.org/packages/47/b2/7e0e7ffc8b3961f5f74893ba9b98433b922d3f1ae6621d1e3e3e20663e1d/ty-0.0.86-py3-none-manylinux_2_17_aarch64.manylinux2014_aarch64.whl", hash = "sha256:c4b525ce4feb60aa2dd6becae4c470daea889149ba9dc7699ffbcf41448f69a9", size = 13656310, upload-time = "2026-10-09T22:20:24.544Z" },
    { url = "https://files.pythonhosted.org/packages/e7/c8/977594e024d154f0e064b48a6f7e39a0e1e55a524349dba22146f01e02db/ty-0.0.86-py3-none-manylinux_2_17_armv7l.manylinux2014_armv7l.whl", hash = "sha256:a000ddcc0b99bd1ab8c8277630711061a36ae83395780fdb935bad540ebe7103", size = 13887036, upload-time = "2026-10-09T22:20:26.844Z" },
    { url = "https://files.pythonhosted.org/packages/3a/75/67e8e7bf89a6be7535768380cb20569b460b89cb09d5c82ce27411782786/ty-0.0.86-py3-none-manylinux_2_17_i686.manylinux2014_i686.whl", hash = "sha256:ea3848f3cab206e9798e5a9f7c4ce8a80297b0a88ba9aa8a091360a298e97424", size = 14805103, upload-time = "2026-10-09T22:20:29.274Z" },
    { url = "https://files.pythonhosted.org/packages/a1/14/a7f3b88cc76156feaf5d48601bd5da96a116f846ad0abc526df03a735bcc/ty-0.0.86-py3-none-manylinux_2_17_ppc64le.manylinux2014_ppc64le.whl", hash = "sha256:087bad6ae8fa7248a16c01f5646c121dccaacbaf320ff544eed4e8c5c1fd7555", size = 15203931, upload-time = "2026-10-09T22:20:31.736Z" },
    { url = "https://files.pythonhosted.org/packages/a7/23/42f6ad5d4bb7091d70a0e96d7d436d6bc9a490210a928727dde5d883ed26/ty-0.0.86-py3-none-manylinux_2_17_s390x.manylinux2014_s390x.whl", hash = "sha256:fe7f2721746c9ee64626c69da9245faedc0f375024bf41458e45eb7b28fe5f63", size = 15094434, upload-time = "2026-10-09T22:20:34.269Z" },
    { url = "https://files.pythonhosted.org/packages/d1/b8/211781d3c8de5fa88437412b7a8c0d7a632596033cff51d5004b08e94e1c/ty-0.0.86-py3-none-manylinux_2_17_x86_64.manylinux2014_x86_64.whl", hash = "sha256:a5c18501c54874149d05e5199211146876afeaeee2af234042e56dccc9d5812a", size = 14436812, upload-time = "2026-10-09T22:20:36.795Z" },
    { url = "https://files.pythonhosted.org/packages/b2/2a/518cc7ef2586384345be675d470e0087591810304b5d994d0a2194c7d68e/ty-0.0.86-py3-none-manylinux_2_31_riscv64.whl", hash = "sha256:0a48967c8adba6b12035243f225a0585b0bc5f0bf940a4829876bc455ebf3d2f", size = 14671116, upload-time = "2026-10-09T22:20:39.277Z" },
    { url = "https://files.pythonhosted.org/packages/7a/18/a820553ad3206d0cdfad5866dd64939c7e3be73e891d88c73f7fd3acb5d6/ty-0.0.86-py3-none-musllinux_1_2_aarch64.whl", hash = "sha256:561a4eae98f6ff05395e8d7be8151fdb328eeaead1ac63dc721ca891623f7924", size = 13586361, upload-time = "2026-10-09T22:20:41.444Z" },
    { url = "https://files.pythonhosted.org/packages/22/58/f1700176e6ae4d0a3d25e447734c60ca464d6e76ed2e8a32920ebd41e523/ty-0.0.86-py3-none-musllinux_1_2_armv7l.whl", hash = "sha256:ccad053ce880a1f8c0850d9dd1f277f3ee559a98bded3f93472268376ceccc2d", size = 13900289, upload-time = "2026-10-09T22:20:43.955Z" },
    { url = "https://files.pythonhosted.org/packages/59/86/2f0e3c9a055f8606911a80311763a089784b66af22dd80fd3290e3b167c6/ty-0.0.86-py3-none-musllinux_1_2_i686.whl", hash = "sha256:7c16d22857bad1da56b147bf53ef0ed2252d7677dc5e7ee51c757b2e52ab6351", size = 14235785, upload-time = "2026-10-09T22:20:46.401Z" },
    { url = "https://files.pythonhosted.org/packages/b4/1d/72fa2347b641143b0440296144a65f424fe047302cb13af059988f1de7a4/ty-0.0.86-py3-none-musllinux_1_2_x86_64.whl", hash = "sha256:d863f8f190e96878ed1900a8a6d5093f37761c0c47409e2bdb3d9370e37471e1", size = 14559840, upload-time = "2026-10-09T22:20:48.753Z" },
    { url = "https://files.pythonhosted.org/packages/47/4a/a798be4aee4ea0bb427c22f157945d0ac41310f4d6e058b3758dfb859451/ty-0.0.86-py3-none-win32.whl", hash = "sha256:1ac3d8fe9efae04fbf1407583ed4118e0364a45b49a020d62b202846695a2ba1", size = 13133227, upload-time = "2026-10-09T22:20:51.034Z" },
    { url = "https://files.pythonhosted.org/packages/c7/a0/c9d585fa1c5bf4ed2727f576f1542bc13e268f036451a79d057c249fc26f/ty-0.0.86-py3-none-win_amd64.whl", hash = "sha256:6fe4116fb1a7ad3c4f7804d9241dc81187717fbd9f5fed5b50e2752a20e17a67", size = 13665391, upload-time = "2026-10-09T22:20:53.237Z" },
    { url = "https://files.pythonhosted.org/packages/2a/7e/d9811358bce1e54ac1b93bd44f4c45eba5e2e92672c5410248776c54319e/ty-0.0.86-py3-none-win_arm64.whl", hash = "sha256:0df36f494c5d07f68ebec3edb74fc719c4c959db7061c2018f1dff2dfe62150b", size = 13237981, upload-time = "2026-10-09T22:20:55.586Z" },
]

[[package]]
name = "virtualenv"
version = "21.14.6"
source = { registry = "https://pypi.org/simple" }
dependencies = [
    { name = "distlib" },
    { name = "filelock" },
    { name = "packaging" },
    { name = "platformdirs" },
    { name = "python-discovery" },
]
sdist = { url = "https://files.pythonhosted.org/packages/92/f3/589727d02bc832750cfa00ced4315d127535a22a6d7cfcb369b2fe219a2e/virtualenv-21.14.6.tar.gz", hash = "sha256:c6b74616e64bffa9532cfa9dfd54ffbab0dc9b999df2bb8ec0d75e559b983661", size = 5467961, upload-time = "2026-10-08T14:49:57.376Z" }
wheels = [
    { url = "https://files.pythonhosted.org/packages/c9/1f/e5182163bcee149dda4eec823d88b0f51f2c0c531b12da896f666f0b80c1/virtualenv-21.14.6-py3-none-any.whl", hash = "sha256:eb1a20c5878569b69667f6a1af03458a8512b3afa7be771a2dafe92fdca05bb9", size = 5487469, upload-time = "2026-10-08T14:49:54.988Z" },
]
